
Microsoft Visual Studio Solution File, Format Version 12.00
# Visual Studio Version 16
VisualStudioVersion = 16.0.29324.140
MinimumVisualStudioVersion = 10.0.40219.1
Project("{FAE04EC0-301F-11D3-BF4B-00C04F79EFBC}") = "Simplic.Flow", "Simplic.Flow\Simplic.Flow.csproj", "{1F540A26-62FB-45CB-ABC6-B4B2D8F7005E}"
EndProject
Project("{FAE04EC0-301F-11D3-BF4B-00C04F79EFBC}") = "Simplic.Flow.Console", "Simplic.Flow.Console\Simplic.Flow.Console.csproj", "{D17BBB2C-9AD8-414E-9BAD-EAD9BA5C4B8B}"
EndProject
Project("{FAE04EC0-301F-11D3-BF4B-00C04F79EFBC}") = "Simplic.Flow.Event", "Simplic.Flow.Event\Simplic.Flow.Event.csproj", "{EFCC8359-4ED2-421F-B9BE-4E25CDD5CF40}"
EndProject
Project("{FAE04EC0-301F-11D3-BF4B-00C04F79EFBC}") = "Simplic.Flow.Event.Service", "Simplic.Flow.Event.Service\Simplic.Flow.Event.Service.csproj", "{1B67BA29-A318-4432-807E-84A67936CF34}"
EndProject
Project("{FAE04EC0-301F-11D3-BF4B-00C04F79EFBC}") = "Simplic.Flow.Service", "Simplic.Flow.Service\Simplic.Flow.Service.csproj", "{43B68136-7EC1-48D5-8DDC-A10C7F904455}"
EndProject
Project("{FAE04EC0-301F-11D3-BF4B-00C04F79EFBC}") = "Simplic.Flow.Analyzer", "Simplic.Flow.Analyzer\Simplic.Flow.Analyzer.csproj", "{28CB89B1-5979-4FAB-AED5-463162F76B05}"
EndProject
Project("{FAE04EC0-301F-11D3-BF4B-00C04F79EFBC}") = "Simplic.Flow.Analyzer.Service", "Simplic.Flow.Analyzer.Service\Simplic.Flow.Analyzer.Service.csproj", "{B9C8B630-5993-41F7-B584-283947E6B3CA}"
EndProject
Project("{FAE04EC0-301F-11D3-BF4B-00C04F79EFBC}") = "Simplic.FlowInstance.Data.Memory", "Simplic.Flow.Data.Memory\Simplic.FlowInstance.Data.Memory.csproj", "{DEBE9782-694B-49F1-96FC-7E481A47D03D}"
EndProject
Project("{2150E333-8FDC-42A3-9474-1A3956D46DE8}") = "Configuration", "Configuration", "{F2B6C2B1-4EBC-4EC5-96D4-6FCE0276520E}"
EndProject
Project("{FAE04EC0-301F-11D3-BF4B-00C04F79EFBC}") = "Simplic.Flow.Configuration", "Simplic.Flow.Configuration\Simplic.Flow.Configuration.csproj", "{A2F33950-81AF-4D02-856F-5B2C69E78CAC}"
EndProject
Project("{FAE04EC0-301F-11D3-BF4B-00C04F79EFBC}") = "Simplic.Flow.Configuration.Service", "Simplic.Flow.Configuration.Service\Simplic.Flow.Configuration.Service.csproj", "{BEB6592D-DDA6-4375-AAE4-A6CC58357E1F}"
EndProject
Project("{FAE04EC0-301F-11D3-BF4B-00C04F79EFBC}") = "Simplic.Flow.Configuration.Data.Memory", "Simplic.Flow.Configuration.Data.Memory\Simplic.Flow.Configuration.Data.Memory.csproj", "{3FA1E55F-5B91-4D6B-B9E3-15CC280C97BE}"
EndProject
Project("{FAE04EC0-301F-11D3-BF4B-00C04F79EFBC}") = "Simplic.Flow.Node", "Simplic.Flow.Node\Simplic.Flow.Node.csproj", "{A88421D5-6B43-4B8D-8865-79A33F935112}"
EndProject
Project("{2150E333-8FDC-42A3-9474-1A3956D46DE8}") = "Analyzer", "Analyzer", "{89E1BE86-3223-4543-B22C-18D142A6D4FA}"
EndProject
Project("{2150E333-8FDC-42A3-9474-1A3956D46DE8}") = "FlowInstance", "FlowInstance", "{18EF6E53-DE0B-44A1-BF0E-D23E731B4406}"
EndProject
Project("{FAE04EC0-301F-11D3-BF4B-00C04F79EFBC}") = "Simplic.FlowInstance.Data.DB", "Simplic.FlowInstance.Data.DB\Simplic.FlowInstance.Data.DB.csproj", "{31F8BAE6-18F3-4060-87BB-E2404D043A74}"
EndProject
Project("{FAE04EC0-301F-11D3-BF4B-00C04F79EFBC}") = "Simplic.FlowInstance", "Simplic.FlowInstance\Simplic.FlowInstance.csproj", "{7206AF52-60CB-46B1-9FE7-CF172752B0E9}"
EndProject
Project("{2150E333-8FDC-42A3-9474-1A3956D46DE8}") = "ActiveFlow", "ActiveFlow", "{76DB3787-8A6A-46D5-96ED-1AF1F7A2F3FB}"
EndProject
Project("{FAE04EC0-301F-11D3-BF4B-00C04F79EFBC}") = "Simplic.ActiveFlow", "Simplic.ActiveFlow\Simplic.ActiveFlow.csproj", "{A486C73F-1C0E-43B0-8DEC-2C583C4F18D7}"
EndProject
Project("{FAE04EC0-301F-11D3-BF4B-00C04F79EFBC}") = "Simplic.ActiveFlow.Data.DB", "Simplic.ActiveFlow.Data.DB\Simplic.ActiveFlow.Data.DB.csproj", "{114750CD-E809-45C4-90E0-7DD905DDB710}"
EndProject
Project("{2150E333-8FDC-42A3-9474-1A3956D46DE8}") = "Event", "Event", "{FC1239B1-6058-49E2-B652-6FF8AE49B9FF}"
EndProject
Project("{2150E333-8FDC-42A3-9474-1A3956D46DE8}") = "EventQueue", "EventQueue", "{F61861C1-D8D4-48BD-B3E4-103AFFA9E587}"
EndProject
Project("{FAE04EC0-301F-11D3-BF4B-00C04F79EFBC}") = "Simplic.Flow.EventQueue", "Simplic.Flow.EventQueue\Simplic.Flow.EventQueue.csproj", "{BBEA1BE9-D55C-4242-9F56-6640EFD36194}"
EndProject
Project("{FAE04EC0-301F-11D3-BF4B-00C04F79EFBC}") = "Simplic.Flow.EventQueue.Service", "Simplic.Flow.EventQueue.Service\Simplic.Flow.EventQueue.Service.csproj", "{DC04F104-8E01-40D9-880C-A31A94866190}"
EndProject
Project("{FAE04EC0-301F-11D3-BF4B-00C04F79EFBC}") = "Simplic.Flow.EventQueue.Data.DB", "Simplic.Flow.EventQueue.Data.DB\Simplic.Flow.EventQueue.Data.DB.csproj", "{F0C67047-7D57-4E4D-AAFC-38911EB742B3}"
EndProject
Project("{2150E333-8FDC-42A3-9474-1A3956D46DE8}") = "Logging", "Logging", "{2C1717DD-F27C-4A70-8185-C56202135A2B}"
EndProject
Project("{FAE04EC0-301F-11D3-BF4B-00C04F79EFBC}") = "Simplic.Flow.Log", "Simplic.Flow.Log\Simplic.Flow.Log.csproj", "{EEDF5DE9-3E21-427C-8788-799D4D8E35B7}"
EndProject
Project("{FAE04EC0-301F-11D3-BF4B-00C04F79EFBC}") = "Simplic.Flow.Configuration.Data.DB", "Simplic.Flow.Configuration.Data.DB\Simplic.Flow.Configuration.Data.DB.csproj", "{95D744C7-C977-4696-96C7-093FD5D3F58A}"
EndProject
Project("{FAE04EC0-301F-11D3-BF4B-00C04F79EFBC}") = "Simplic.FlowInstance.Service", "Simplic.FlowInstance.Service\Simplic.FlowInstance.Service.csproj", "{FDEFE8E4-EA2B-4E30-8854-A6C35B081306}"
EndProject
Project("{2150E333-8FDC-42A3-9474-1A3956D46DE8}") = "Editor", "Editor", "{38E1B1C2-65A7-4E9F-9FC4-6E94C51E22CE}"
EndProject
Project("{FAE04EC0-301F-11D3-BF4B-00C04F79EFBC}") = "Simplic.Flow.Editor.Definition.Service", "Simplic.Flow.Editor.Definition.Service\Simplic.Flow.Editor.Definition.Service.csproj", "{BB050BC6-5E07-4875-9FF4-FF0046A0E589}"
EndProject
Project("{FAE04EC0-301F-11D3-BF4B-00C04F79EFBC}") = "Simplic.Flow.Editor.Definition", "Simplic.Flow.Editor.Definition\Simplic.Flow.Editor.Definition.csproj", "{75EF378A-23DD-4B14-B9F8-30747A8347FF}"
EndProject
Project("{FAE04EC0-301F-11D3-BF4B-00C04F79EFBC}") = "Simplic.Flow.Editor.UI", "Simplic.Flow.Editor.UI\Simplic.Flow.Editor.UI.csproj", "{E2164AF5-152F-44A7-8413-D6A5BDDF7190}"
EndProject
Project("{2150E333-8FDC-42A3-9474-1A3956D46DE8}") = "Flow", "Flow", "{305C4494-7D5A-4BBA-86AE-D46928393081}"
EndProject
Project("{2150E333-8FDC-42A3-9474-1A3956D46DE8}") = "Node", "Node", "{22058609-19CD-4917-919F-4E3FD1F7CA31}"
EndProject
Project("{2150E333-8FDC-42A3-9474-1A3956D46DE8}") = "ENV", "ENV", "{E0190ABF-141A-4F91-9A0B-69A347991C3B}"
	ProjectSection(SolutionItems) = preProject
		..\azure-pipelines.yml = ..\azure-pipelines.yml
		..\release-notes.xml = ..\release-notes.xml
	EndProjectSection
EndProject
Global
	GlobalSection(SolutionConfigurationPlatforms) = preSolution
		Debug|Any CPU = Debug|Any CPU
		Release|Any CPU = Release|Any CPU
	EndGlobalSection
	GlobalSection(ProjectConfigurationPlatforms) = postSolution
		{1F540A26-62FB-45CB-ABC6-B4B2D8F7005E}.Debug|Any CPU.ActiveCfg = Debug|Any CPU
		{1F540A26-62FB-45CB-ABC6-B4B2D8F7005E}.Debug|Any CPU.Build.0 = Debug|Any CPU
		{1F540A26-62FB-45CB-ABC6-B4B2D8F7005E}.Release|Any CPU.ActiveCfg = Release|Any CPU
		{1F540A26-62FB-45CB-ABC6-B4B2D8F7005E}.Release|Any CPU.Build.0 = Release|Any CPU
		{D17BBB2C-9AD8-414E-9BAD-EAD9BA5C4B8B}.Debug|Any CPU.ActiveCfg = Debug|Any CPU
		{D17BBB2C-9AD8-414E-9BAD-EAD9BA5C4B8B}.Debug|Any CPU.Build.0 = Debug|Any CPU
		{D17BBB2C-9AD8-414E-9BAD-EAD9BA5C4B8B}.Release|Any CPU.ActiveCfg = Release|Any CPU
		{D17BBB2C-9AD8-414E-9BAD-EAD9BA5C4B8B}.Release|Any CPU.Build.0 = Release|Any CPU
		{EFCC8359-4ED2-421F-B9BE-4E25CDD5CF40}.Debug|Any CPU.ActiveCfg = Debug|Any CPU
		{EFCC8359-4ED2-421F-B9BE-4E25CDD5CF40}.Debug|Any CPU.Build.0 = Debug|Any CPU
		{EFCC8359-4ED2-421F-B9BE-4E25CDD5CF40}.Release|Any CPU.ActiveCfg = Release|Any CPU
		{EFCC8359-4ED2-421F-B9BE-4E25CDD5CF40}.Release|Any CPU.Build.0 = Release|Any CPU
		{1B67BA29-A318-4432-807E-84A67936CF34}.Debug|Any CPU.ActiveCfg = Debug|Any CPU
		{1B67BA29-A318-4432-807E-84A67936CF34}.Debug|Any CPU.Build.0 = Debug|Any CPU
		{1B67BA29-A318-4432-807E-84A67936CF34}.Release|Any CPU.ActiveCfg = Release|Any CPU
		{1B67BA29-A318-4432-807E-84A67936CF34}.Release|Any CPU.Build.0 = Release|Any CPU
		{43B68136-7EC1-48D5-8DDC-A10C7F904455}.Debug|Any CPU.ActiveCfg = Debug|Any CPU
		{43B68136-7EC1-48D5-8DDC-A10C7F904455}.Debug|Any CPU.Build.0 = Debug|Any CPU
		{43B68136-7EC1-48D5-8DDC-A10C7F904455}.Release|Any CPU.ActiveCfg = Release|Any CPU
		{43B68136-7EC1-48D5-8DDC-A10C7F904455}.Release|Any CPU.Build.0 = Release|Any CPU
		{28CB89B1-5979-4FAB-AED5-463162F76B05}.Debug|Any CPU.ActiveCfg = Debug|Any CPU
		{28CB89B1-5979-4FAB-AED5-463162F76B05}.Debug|Any CPU.Build.0 = Debug|Any CPU
		{28CB89B1-5979-4FAB-AED5-463162F76B05}.Release|Any CPU.ActiveCfg = Release|Any CPU
		{28CB89B1-5979-4FAB-AED5-463162F76B05}.Release|Any CPU.Build.0 = Release|Any CPU
		{B9C8B630-5993-41F7-B584-283947E6B3CA}.Debug|Any CPU.ActiveCfg = Debug|Any CPU
		{B9C8B630-5993-41F7-B584-283947E6B3CA}.Debug|Any CPU.Build.0 = Debug|Any CPU
		{B9C8B630-5993-41F7-B584-283947E6B3CA}.Release|Any CPU.ActiveCfg = Release|Any CPU
		{B9C8B630-5993-41F7-B584-283947E6B3CA}.Release|Any CPU.Build.0 = Release|Any CPU
		{DEBE9782-694B-49F1-96FC-7E481A47D03D}.Debug|Any CPU.ActiveCfg = Debug|Any CPU
		{DEBE9782-694B-49F1-96FC-7E481A47D03D}.Debug|Any CPU.Build.0 = Debug|Any CPU
		{DEBE9782-694B-49F1-96FC-7E481A47D03D}.Release|Any CPU.ActiveCfg = Release|Any CPU
		{DEBE9782-694B-49F1-96FC-7E481A47D03D}.Release|Any CPU.Build.0 = Release|Any CPU
		{A2F33950-81AF-4D02-856F-5B2C69E78CAC}.Debug|Any CPU.ActiveCfg = Debug|Any CPU
		{A2F33950-81AF-4D02-856F-5B2C69E78CAC}.Debug|Any CPU.Build.0 = Debug|Any CPU
		{A2F33950-81AF-4D02-856F-5B2C69E78CAC}.Release|Any CPU.ActiveCfg = Release|Any CPU
		{A2F33950-81AF-4D02-856F-5B2C69E78CAC}.Release|Any CPU.Build.0 = Release|Any CPU
		{BEB6592D-DDA6-4375-AAE4-A6CC58357E1F}.Debug|Any CPU.ActiveCfg = Debug|Any CPU
		{BEB6592D-DDA6-4375-AAE4-A6CC58357E1F}.Debug|Any CPU.Build.0 = Debug|Any CPU
		{BEB6592D-DDA6-4375-AAE4-A6CC58357E1F}.Release|Any CPU.ActiveCfg = Release|Any CPU
		{BEB6592D-DDA6-4375-AAE4-A6CC58357E1F}.Release|Any CPU.Build.0 = Release|Any CPU
		{3FA1E55F-5B91-4D6B-B9E3-15CC280C97BE}.Debug|Any CPU.ActiveCfg = Debug|Any CPU
		{3FA1E55F-5B91-4D6B-B9E3-15CC280C97BE}.Debug|Any CPU.Build.0 = Debug|Any CPU
		{3FA1E55F-5B91-4D6B-B9E3-15CC280C97BE}.Release|Any CPU.ActiveCfg = Release|Any CPU
		{3FA1E55F-5B91-4D6B-B9E3-15CC280C97BE}.Release|Any CPU.Build.0 = Release|Any CPU
		{A88421D5-6B43-4B8D-8865-79A33F935112}.Debug|Any CPU.ActiveCfg = Debug|Any CPU
		{A88421D5-6B43-4B8D-8865-79A33F935112}.Debug|Any CPU.Build.0 = Debug|Any CPU
		{A88421D5-6B43-4B8D-8865-79A33F935112}.Release|Any CPU.ActiveCfg = Release|Any CPU
		{A88421D5-6B43-4B8D-8865-79A33F935112}.Release|Any CPU.Build.0 = Release|Any CPU
		{31F8BAE6-18F3-4060-87BB-E2404D043A74}.Debug|Any CPU.ActiveCfg = Debug|Any CPU
		{31F8BAE6-18F3-4060-87BB-E2404D043A74}.Debug|Any CPU.Build.0 = Debug|Any CPU
		{31F8BAE6-18F3-4060-87BB-E2404D043A74}.Release|Any CPU.ActiveCfg = Release|Any CPU
		{31F8BAE6-18F3-4060-87BB-E2404D043A74}.Release|Any CPU.Build.0 = Release|Any CPU
		{7206AF52-60CB-46B1-9FE7-CF172752B0E9}.Debug|Any CPU.ActiveCfg = Debug|Any CPU
		{7206AF52-60CB-46B1-9FE7-CF172752B0E9}.Debug|Any CPU.Build.0 = Debug|Any CPU
		{7206AF52-60CB-46B1-9FE7-CF172752B0E9}.Release|Any CPU.ActiveCfg = Release|Any CPU
		{7206AF52-60CB-46B1-9FE7-CF172752B0E9}.Release|Any CPU.Build.0 = Release|Any CPU
		{A486C73F-1C0E-43B0-8DEC-2C583C4F18D7}.Debug|Any CPU.ActiveCfg = Debug|Any CPU
		{A486C73F-1C0E-43B0-8DEC-2C583C4F18D7}.Debug|Any CPU.Build.0 = Debug|Any CPU
		{A486C73F-1C0E-43B0-8DEC-2C583C4F18D7}.Release|Any CPU.ActiveCfg = Release|Any CPU
		{A486C73F-1C0E-43B0-8DEC-2C583C4F18D7}.Release|Any CPU.Build.0 = Release|Any CPU
		{114750CD-E809-45C4-90E0-7DD905DDB710}.Debug|Any CPU.ActiveCfg = Debug|Any CPU
		{114750CD-E809-45C4-90E0-7DD905DDB710}.Debug|Any CPU.Build.0 = Debug|Any CPU
		{114750CD-E809-45C4-90E0-7DD905DDB710}.Release|Any CPU.ActiveCfg = Release|Any CPU
		{114750CD-E809-45C4-90E0-7DD905DDB710}.Release|Any CPU.Build.0 = Release|Any CPU
		{BBEA1BE9-D55C-4242-9F56-6640EFD36194}.Debug|Any CPU.ActiveCfg = Debug|Any CPU
		{BBEA1BE9-D55C-4242-9F56-6640EFD36194}.Debug|Any CPU.Build.0 = Debug|Any CPU
		{BBEA1BE9-D55C-4242-9F56-6640EFD36194}.Release|Any CPU.ActiveCfg = Release|Any CPU
		{BBEA1BE9-D55C-4242-9F56-6640EFD36194}.Release|Any CPU.Build.0 = Release|Any CPU
		{DC04F104-8E01-40D9-880C-A31A94866190}.Debug|Any CPU.ActiveCfg = Debug|Any CPU
		{DC04F104-8E01-40D9-880C-A31A94866190}.Debug|Any CPU.Build.0 = Debug|Any CPU
		{DC04F104-8E01-40D9-880C-A31A94866190}.Release|Any CPU.ActiveCfg = Release|Any CPU
		{DC04F104-8E01-40D9-880C-A31A94866190}.Release|Any CPU.Build.0 = Release|Any CPU
		{F0C67047-7D57-4E4D-AAFC-38911EB742B3}.Debug|Any CPU.ActiveCfg = Debug|Any CPU
		{F0C67047-7D57-4E4D-AAFC-38911EB742B3}.Debug|Any CPU.Build.0 = Debug|Any CPU
		{F0C67047-7D57-4E4D-AAFC-38911EB742B3}.Release|Any CPU.ActiveCfg = Release|Any CPU
		{F0C67047-7D57-4E4D-AAFC-38911EB742B3}.Release|Any CPU.Build.0 = Release|Any CPU
		{EEDF5DE9-3E21-427C-8788-799D4D8E35B7}.Debug|Any CPU.ActiveCfg = Debug|Any CPU
		{EEDF5DE9-3E21-427C-8788-799D4D8E35B7}.Debug|Any CPU.Build.0 = Debug|Any CPU
		{EEDF5DE9-3E21-427C-8788-799D4D8E35B7}.Release|Any CPU.ActiveCfg = Release|Any CPU
		{EEDF5DE9-3E21-427C-8788-799D4D8E35B7}.Release|Any CPU.Build.0 = Release|Any CPU
		{95D744C7-C977-4696-96C7-093FD5D3F58A}.Debug|Any CPU.ActiveCfg = Debug|Any CPU
		{95D744C7-C977-4696-96C7-093FD5D3F58A}.Debug|Any CPU.Build.0 = Debug|Any CPU
		{95D744C7-C977-4696-96C7-093FD5D3F58A}.Release|Any CPU.ActiveCfg = Release|Any CPU
		{95D744C7-C977-4696-96C7-093FD5D3F58A}.Release|Any CPU.Build.0 = Release|Any CPU
		{FDEFE8E4-EA2B-4E30-8854-A6C35B081306}.Debug|Any CPU.ActiveCfg = Debug|Any CPU
		{FDEFE8E4-EA2B-4E30-8854-A6C35B081306}.Debug|Any CPU.Build.0 = Debug|Any CPU
		{FDEFE8E4-EA2B-4E30-8854-A6C35B081306}.Release|Any CPU.ActiveCfg = Release|Any CPU
		{FDEFE8E4-EA2B-4E30-8854-A6C35B081306}.Release|Any CPU.Build.0 = Release|Any CPU
		{BB050BC6-5E07-4875-9FF4-FF0046A0E589}.Debug|Any CPU.ActiveCfg = Debug|Any CPU
		{BB050BC6-5E07-4875-9FF4-FF0046A0E589}.Debug|Any CPU.Build.0 = Debug|Any CPU
		{BB050BC6-5E07-4875-9FF4-FF0046A0E589}.Release|Any CPU.ActiveCfg = Release|Any CPU
		{BB050BC6-5E07-4875-9FF4-FF0046A0E589}.Release|Any CPU.Build.0 = Release|Any CPU
		{75EF378A-23DD-4B14-B9F8-30747A8347FF}.Debug|Any CPU.ActiveCfg = Debug|Any CPU
		{75EF378A-23DD-4B14-B9F8-30747A8347FF}.Debug|Any CPU.Build.0 = Debug|Any CPU
		{75EF378A-23DD-4B14-B9F8-30747A8347FF}.Release|Any CPU.ActiveCfg = Release|Any CPU
		{75EF378A-23DD-4B14-B9F8-30747A8347FF}.Release|Any CPU.Build.0 = Release|Any CPU
		{E2164AF5-152F-44A7-8413-D6A5BDDF7190}.Debug|Any CPU.ActiveCfg = Debug|Any CPU
		{E2164AF5-152F-44A7-8413-D6A5BDDF7190}.Debug|Any CPU.Build.0 = Debug|Any CPU
		{E2164AF5-152F-44A7-8413-D6A5BDDF7190}.Release|Any CPU.ActiveCfg = Release|Any CPU
		{E2164AF5-152F-44A7-8413-D6A5BDDF7190}.Release|Any CPU.Build.0 = Release|Any CPU
	EndGlobalSection
	GlobalSection(SolutionProperties) = preSolution
		HideSolutionNode = FALSE
	EndGlobalSection
	GlobalSection(NestedProjects) = preSolution
		{1F540A26-62FB-45CB-ABC6-B4B2D8F7005E} = {305C4494-7D5A-4BBA-86AE-D46928393081}
		{EFCC8359-4ED2-421F-B9BE-4E25CDD5CF40} = {FC1239B1-6058-49E2-B652-6FF8AE49B9FF}
		{1B67BA29-A318-4432-807E-84A67936CF34} = {FC1239B1-6058-49E2-B652-6FF8AE49B9FF}
		{43B68136-7EC1-48D5-8DDC-A10C7F904455} = {305C4494-7D5A-4BBA-86AE-D46928393081}
		{28CB89B1-5979-4FAB-AED5-463162F76B05} = {89E1BE86-3223-4543-B22C-18D142A6D4FA}
		{B9C8B630-5993-41F7-B584-283947E6B3CA} = {89E1BE86-3223-4543-B22C-18D142A6D4FA}
		{DEBE9782-694B-49F1-96FC-7E481A47D03D} = {18EF6E53-DE0B-44A1-BF0E-D23E731B4406}
		{A2F33950-81AF-4D02-856F-5B2C69E78CAC} = {F2B6C2B1-4EBC-4EC5-96D4-6FCE0276520E}
		{BEB6592D-DDA6-4375-AAE4-A6CC58357E1F} = {F2B6C2B1-4EBC-4EC5-96D4-6FCE0276520E}
		{3FA1E55F-5B91-4D6B-B9E3-15CC280C97BE} = {F2B6C2B1-4EBC-4EC5-96D4-6FCE0276520E}
		{A88421D5-6B43-4B8D-8865-79A33F935112} = {22058609-19CD-4917-919F-4E3FD1F7CA31}
		{31F8BAE6-18F3-4060-87BB-E2404D043A74} = {18EF6E53-DE0B-44A1-BF0E-D23E731B4406}
		{7206AF52-60CB-46B1-9FE7-CF172752B0E9} = {18EF6E53-DE0B-44A1-BF0E-D23E731B4406}
		{A486C73F-1C0E-43B0-8DEC-2C583C4F18D7} = {76DB3787-8A6A-46D5-96ED-1AF1F7A2F3FB}
		{114750CD-E809-45C4-90E0-7DD905DDB710} = {76DB3787-8A6A-46D5-96ED-1AF1F7A2F3FB}
		{BBEA1BE9-D55C-4242-9F56-6640EFD36194} = {F61861C1-D8D4-48BD-B3E4-103AFFA9E587}
		{DC04F104-8E01-40D9-880C-A31A94866190} = {F61861C1-D8D4-48BD-B3E4-103AFFA9E587}
		{F0C67047-7D57-4E4D-AAFC-38911EB742B3} = {F61861C1-D8D4-48BD-B3E4-103AFFA9E587}
		{EEDF5DE9-3E21-427C-8788-799D4D8E35B7} = {2C1717DD-F27C-4A70-8185-C56202135A2B}
		{95D744C7-C977-4696-96C7-093FD5D3F58A} = {F2B6C2B1-4EBC-4EC5-96D4-6FCE0276520E}
		{FDEFE8E4-EA2B-4E30-8854-A6C35B081306} = {18EF6E53-DE0B-44A1-BF0E-D23E731B4406}
		{BB050BC6-5E07-4875-9FF4-FF0046A0E589} = {38E1B1C2-65A7-4E9F-9FC4-6E94C51E22CE}
		{75EF378A-23DD-4B14-B9F8-30747A8347FF} = {38E1B1C2-65A7-4E9F-9FC4-6E94C51E22CE}
		{E2164AF5-152F-44A7-8413-D6A5BDDF7190} = {38E1B1C2-65A7-4E9F-9FC4-6E94C51E22CE}
	EndGlobalSection
	GlobalSection(ExtensibilityGlobals) = postSolution
		SolutionGuid = {DFCA28AB-EBED-44F4-9B03-F609AEA4F137}
	EndGlobalSection
EndGlobal
